// !$*UTF8*$!
{
	archiveVersion = 1;
	classes = {
	};
	objectVersion = 77;
	objects = {

/* Begin PBXContainerItemProxy section */
		63EA407D2E91DFB8004B3447 /* PBXContainerItemProxy */ = {
			isa = PBXContainerItemProxy;
			containerPortal = 63EA40642E91DFB1004B3447 /* Project object */;
			proxyType = 1;
			remoteGlobalIDString = 63EA406B2E91DFB1004B3447;
			remoteInfo = strokedetectionapp;
		};
		63EA40872E91DFB8004B3447 /* PBXContainerItemProxy */ = {
			isa = PBXContainerItemProxy;
			containerPortal = 63EA40642E91DFB1004B3447 /* Project object */;
			proxyType = 1;
			remoteGlobalIDString = 63EA406B2E91DFB1004B3447;
			remoteInfo = strokedetectionapp;
		};
/* End PBXContainerItemProxy section */

/* Begin PBXFileReference section */
		63EA406C2E91DFB1004B3447 /* strokedetectionapp.app */ = {isa = PBXFileReference; explicitFileType = wrapper.application; includeInIndex = 0; path = strokedetectionapp.app; sourceTree = BUILT_PRODUCTS_DIR; };
		63EA407C2E91DFB8004B3447 /* strokedetectionappTests.xctest */ = {isa = PBXFileReference; explicitFileType = wrapper.cfbundle; includeInIndex = 0; path = strokedetectionappTests.xctest; sourceTree = BUILT_PRODUCTS_DIR; };
		63EA40862E91DFB8004B3447 /* strokedetectionappUITests.xctest */ = {isa = PBXFileReference; explicitFileType = wrapper.cfbundle; includeInIndex = 0; path = strokedetectionappUITests.xctest; sourceTree = BUILT_PRODUCTS_DIR; };
/* End PBXFileReference section */

/* Begin PBXFileSystemSynchronizedRootGroup section */
		63EA406E2E91DFB1004B3447 /* strokedetectionapp */ = {
			isa = PBXFileSystemSynchronizedRootGroup;
			path = strokedetectionapp;
			sourceTree = "<group>";
		};
		63EA407F2E91DFB8004B3447 /* strokedetectionappTests */ = {
			isa = PBXFileSystemSynchronizedRootGroup;
			path = strokedetectionappTests;
			sourceTree = "<group>";
		};
		63EA40892E91DFB8004B3447 /* strokedetectionappUITests */ = {
			isa = PBXFileSystemSynchronizedRootGroup;
			path = strokedetectionappUITests;
			sourceTree = "<group>";
		};
/* End PBXFileSystemSynchronizedRootGroup section */

/* Begin PBXFrameworksBuildPhase section */
		63EA40692E91DFB1004B3447 /* Frameworks */ = {
			isa = PBXFrameworksBuildPhase;
			buildActionMask = 2147483647;
			files = (
			);
			runOnlyForDeploymentPostprocessing = 0;
		};
		63EA40792E91DFB8004B3447 /* Frameworks */ = {
			isa = PBXFrameworksBuildPhase;
			buildActionMask = 2147483647;
			files = (
			);
			runOnlyForDeploymentPostprocessing = 0;
		};
		63EA40832E91DFB8004B3447 /* Frameworks */ = {
			isa = PBXFrameworksBuildPhase;
			buildActionMask = 2147483647;
			files = (
			);
			runOnlyForDeploymentPostprocessing = 0;
		};
/* End PBXFrameworksBuildPhase section */

/* Begin PBXGroup section */
		63EA40632E91DFB1004B3447 = {
			isa = PBXGroup;
			children = (
				63EA406E2E91DFB1004B3447 /* strokedetectionapp */,
				63EA407F2E91DFB8004B3447 /* strokedetectionappTests */,
				63EA40892E91DFB8004B3447 /* strokedetectionappUITests */,
				63EA406D2E91DFB1004B3447 /* Products */,
			);
			sourceTree = "<group>";
		};
		63EA406D2E91DFB1004B3447 /* Products */ = {
			isa = PBXGroup;
			children = (
				63EA406C2E91DFB1004B3447 /* strokedetectionapp.app */,
				63EA407C2E91DFB8004B3447 /* strokedetectionappTests.xctest */,
				63EA40862E91DFB8004B3447 /* strokedetectionappUITests.xctest */,
			);
			name = Products;
			sourceTree = "<group>";
		};
/* End PBXGroup section */

/* Begin PBXNativeTarget section */
		63EA406B2E91DFB1004B3447 /* strokedetectionapp */ = {
			isa = PBXNativeTarget;
			buildConfigurationList = 63EA40902E91DFB8004B3447 /* Build configuration list for PBXNativeTarget "strokedetectionapp" */;
			buildPhases = (
				63EA40682E91DFB1004B3447 /* Sources */,
				63EA40692E91DFB1004B3447 /* Frameworks */,
				63EA406A2E91DFB1004B3447 /* Resources */,
			);
			buildRules = (
			);
			dependencies = (
			);
			fileSystemSynchronizedGroups = (
				63EA406E2E91DFB1004B3447 /* strokedetectionapp */,
			);
			name = strokedetectionapp;
			packageProductDependencies = (
			);
			productName = strokedetectionapp;
			productReference = 63EA406C2E91DFB1004B3447 /* strokedetectionapp.app */;
			productType = "com.apple.product-type.application";
		};
		63EA407B2E91DFB8004B3447 /* strokedetectionappTests */ = {
			isa = PBXNativeTarget;
			buildConfigurationList = 63EA40932E91DFB8004B3447 /* Build configuration list for PBXNativeTarget "strokedetectionappTests" */;
			buildPhases = (
				63EA40782E91DFB8004B3447 /* Sources */,
				63EA40792E91DFB8004B3447 /* Frameworks */,
				63EA407A2E91DFB8004B3447 /* Resources */,
			);
			buildRules = (
			);
			dependencies = (
				63EA407E2E91DFB8004B3447 /* PBXTargetDependency */,
			);
			fileSystemSynchronizedGroups = (
				63EA407F2E91DFB8004B3447 /* strokedetectionappTests */,
			);
			name = strokedetectionappTests;
			packageProductDependencies = (
			);
			productName = strokedetectionappTests;
			productReference = 63EA407C2E91DFB8004B3447 /* strokedetectionappTests.xctest */;
			productType = "com.apple.product-type.bundle.unit-test";
		};
		63EA40852E91DFB8004B3447 /* strokedetectionappUITests */ = {
			isa = PBXNativeTarget;
			buildConfigurationList = 63EA40962E91DFB8004B3447 /* Build configuration list for PBXNativeTarget "strokedetectionappUITests" */;
			buildPhases = (
				63EA40822E91DFB8004B3447 /* Sources */,
				63EA40832E91DFB8004B3447 /* Frameworks */,
				63EA40842E91DFB8004B3447 /* Resources */,
			);
			buildRules = (
			);
			dependencies = (
				63EA40882E91DFB8004B3447 /* PBXTargetDependency */,
			);
			fileSystemSynchronizedGroups = (
				63EA40892E91DFB8004B3447 /* strokedetectionappUITests */,
			);
			name = strokedetectionappUITests;
			packageProductDependencies = (
			);
			productName = strokedetectionappUITests;
			productReference = 63EA40862E91DFB8004B3447 /* strokedetectionappUITests.xctest */;
			productType = "com.apple.product-type.bundle.ui-testing";
		};
/* End PBXNativeTarget section */

/* Begin PBXProject section */
		63EA40642E91DFB1004B3447 /* Project object */ = {
			isa = PBXProject;
			attributes = {
				BuildIndependentTargetsInParallel = 1;
				LastSwiftUpdateCheck = 1600;
				LastUpgradeCheck = 1600;
				TargetAttributes = {
					63EA406B2E91DFB1004B3447 = {
						CreatedOnToolsVersion = 16.0;
					};
					63EA407B2E91DFB8004B3447 = {
						CreatedOnToolsVersion = 16.0;
						TestTargetID = 63EA406B2E91DFB1004B3447;
					};
					63EA40852E91DFB8004B3447 = {
						CreatedOnToolsVersion = 16.0;
						TestTargetID = 63EA406B2E91DFB1004B3447;
					};
				};
			};
			buildConfigurationList = 63EA40672E91DFB1004B3447 /* Build configuration list for PBXProject "strokedetectionapp" */;
			developmentRegion = en;
			hasScannedForEncodings = 0;
			knownRegions = (
				en,
				Base,
			);
			mainGroup = 63EA40632E91DFB1004B3447;
			minimizedProjectReferenceProxies = 1;
			preferredProjectObjectVersion = 77;
			productRefGroup = 63EA406D2E91DFB1004B3447 /* Products */;
			projectDirPath = "";
			projectRoot = "";
			targets = (
				63EA406B2E91DFB1004B3447 /* strokedetectionapp */,
				63EA407B2E91DFB8004B3447 /* strokedetectionappTests */,
				63EA40852E91DFB8004B3447 /* strokedetectionappUITests */,
			);
		};
/* End PBXProject section */

/* Begin PBXResourcesBuildPhase section */
		63EA406A2E91DFB1004B3447 /* Resources */ = {
			isa = PBXResourcesBuildPhase;
			buildActionMask = 2147483647;
			files = (
			);
			runOnlyForDeploymentPostprocessing = 0;
		};
		63EA407A2E91DFB8004B3447 /* Resources */ = {
			isa = PBXResourcesBuildPhase;
			buildActionMask = 2147483647;
			files = (
			);
			runOnlyForDeploymentPostprocessing = 0;
		};
		63EA40842E91DFB8004B3447 /* Resources */ = {
			isa = PBXResourcesBuildPhase;
			buildActionMask = 2147483647;
			files = (
			);
			runOnlyForDeploymentPostprocessing = 0;
		};
/* End PBXResourcesBuildPhase section */

/* Begin PBXSourcesBuildPhase section */
		63EA40682E91DFB1004B3447 /* Sources */ = {
			isa = PBXSourcesBuildPhase;
			buildActionMask = 2147483647;
			files = (
			);
			runOnlyForDeploymentPostprocessing = 0;
		};
		63EA40782E91DFB8004B3447 /* Sources */ = {
			isa = PBXSourcesBuildPhase;
			buildActionMask = 2147483647;
			files = (
			);
			runOnlyForDeploymentPostprocessing = 0;
		};
		63EA40822E91DFB8004B3447 /* Sources */ = {
			isa = PBXSourcesBuildPhase;
			buildActionMask = 2147483647;
			files = (
			);
			runOnlyForDeploymentPostprocessing = 0;
		};
/* End PBXSourcesBuildPhase section */

/* Begin PBXTargetDependency section */
		63EA407E2E91DFB8004B3447 /* PBXTargetDependency */ = {
			isa = PBXTargetDependency;
			target = 63EA406B2E91DFB1004B3447 /* strokedetectionapp */;
			targetProxy = 63EA407D2E91DFB8004B3447 /* PBXContainerItemProxy */;
		};
		63EA40882E91DFB8004B3447 /* PBXTargetDependency */ = {
			isa = PBXTargetDependency;
			target = 63EA406B2E91DFB1004B3447 /* strokedetectionapp */;
			targetProxy = 63EA40872E91DFB8004B3447 /* PBXContainerItemProxy */;
		};
/* End PBXTargetDependency section */

/* Begin XCBuildConfiguration section */
		63EA408E2E91DFB8004B3447 /* Debug */ = {
			isa = XCBuildConfiguration;
			buildSettings = {
				ALWAYS_SEARCH_USER_PATHS = NO;
				ASSETCATALOG_COMPILER_GENERATE_SWIFT_ASSET_SYMBOL_EXTENSIONS = YES;
				CLANG_ANALYZER_NONNULL = YES;
				CLANG_ANALYZER_NUMBER_OBJECT_CONVERSION = YES_AGGRESSIVE;
				CLANG_CXX_LANGUAGE_STANDARD = "gnu++20";
				CLANG_ENABLE_MODULES = YES;
				CLANG_ENABLE_OBJC_ARC = YES;
				CLANG_ENABLE_OBJC_WEAK = YES;
				CLANG_WARN_BLOCK_CAPTURE_AUTORELEASING = YES;
				CLANG_WARN_BOOL_CONVERSION = YES;
				CLANG_WARN_COMMA = YES;
				CLANG_WARN_CONSTANT_CONVERSION = YES;
				CLANG_WARN_DEPRECATED_OBJC_IMPLEMENTATIONS = YES;
				CLANG_WARN_DIRECT_OBJC_ISA_USAGE = YES_ERROR;
				CLANG_WARN_DOCUMENTATION_COMMENTS = YES;
				CLANG_WARN_EMPTY_BODY = YES;
				CLANG_WARN_ENUM_CONVERSION = YES;
				CLANG_WARN_INFINITE_RECURSION = YES;
				CLANG_WARN_INT_CONVERSION = YES;
				CLANG_WARN_NON_LITERAL_NULL_CONVERSION = YES;
				CLANG_WARN_OBJC_IMPLICIT_RETAIN_SELF = YES;
				CLANG_WARN_OBJC_LITERAL_CONVERSION = YES;
				CLANG_WARN_OBJC_ROOT_CLASS = YES_ERROR;
				CLANG_WARN_QUOTED_INCLUDE_IN_FRAMEWORK_HEADER = YES;
				CLANG_WARN_RANGE_LOOP_ANALYSIS = YES;
				CLANG_WARN_STRICT_PROTOTYPES = YES;
				CLANG_WARN_SUSPICIOUS_MOVE = YES;
				CLANG_WARN_UNGUARDED_AVAILABILITY = YES_AGGRESSIVE;
				CLANG_WARN_UNREACHABLE_CODE = YES;
				CLANG_WARN__DUPLICATE_METHOD_MATCH = YES;
				COPY_PHASE_STRIP = NO;
				DEBUG_INFORMATION_FORMAT = dwarf;
				ENABLE_STRICT_OBJC_MSGSEND = YES;
				ENABLE_TESTABILITY = YES;
				ENABLE_USER_SCRIPT_SANDBOXING = YES;
				GCC_C_LANGUAGE_STANDARD = gnu17;
				GCC_DYNAMIC_NO_PIC = NO;
				GCC_NO_COMMON_BLOCKS = YES;
				GCC_OPTIMIZATION_LEVEL = 0;
				GCC_PREPROCESSOR_DEFINITIONS = (
					"DEBUG=1",
					"$(inherited)",
				);
				GCC_WARN_64_TO_32_BIT_CONVERSION = YES;
				GCC_WARN_ABOUT_RETURN_TYPE = YES_ERROR;
				GCC_WARN_UNDECLARED_SELECTOR = YES;
				GCC_WARN_UNINITIALIZED_AUTOS = YES_AGGRESSIVE;
				GCC_WARN_UNUSED_FUNCTION = YES;
				GCC_WARN_UNUSED_VARIABLE = YES;
				IPHONEOS_DEPLOYMENT_TARGET = 18.0;
				LOCALIZATION_PREFERS_STRING_CATALOGS = YES;
				MTL_ENABLE_DEBUG_INFO = INCLUDE_SOURCE;
				MTL_FAST_MATH = YES;
				ONLY_ACTIVE_ARCH = YES;
				SDKROOT = iphoneos;
				SWIFT_ACTIVE_COMPILATION_CONDITIONS = "DEBUG $(inherited)";
				SWIFT_OPTIMIZATION_LEVEL = "-Onone";
			};
			name = Debug;
		};
		63EA408F2E91DFB8004B3447 /* Release */ = {
			isa = XCBuildConfiguration;
			buildSettings = {
				ALWAYS_SEARCH_USER_PATHS = NO;
				ASSETCATALOG_COMPILER_GENERATE_SWIFT_ASSET_SYMBOL_EXTENSIONS = YES;
				CLANG_ANALYZER_NONNULL = YES;
				CLANG_ANALYZER_NUMBER_OBJECT_CONVERSION = YES_AGGRESSIVE;
				CLANG_CXX_LANGUAGE_STANDARD = "gnu++20";
				CLANG_ENABLE_MODULES = YES;
				CLANG_ENABLE_OBJC_ARC = YES;
				CLANG_ENABLE_OBJC_WEAK = YES;
				CLANG_WARN_BLOCK_CAPTURE_AUTORELEASING = YES;
				CLANG_WARN_BOOL_CONVERSION = YES;
				CLANG_WARN_COMMA = YES;
				CLANG_WARN_CONSTANT_CONVERSION = YES;
				CLANG_WARN_DEPRECATED_OBJC_IMPLEMENTATIONS = YES;
				CLANG_WARN_DIRECT_OBJC_ISA_USAGE = YES_ERROR;
				CLANG_WARN_DOCUMENTATION_COMMENTS = YES;
				CLANG_WARN_EMPTY_BODY = YES;
				CLANG_WARN_ENUM_CONVERSION = YES;
				CLANG_WARN_INFINITE_RECURSION = YES;
				CLANG_WARN_INT_CONVERSION = YES;
				CLANG_WARN_NON_LITERAL_NULL_CONVERSION = YES;
				CLANG_WARN_OBJC_IMPLICIT_RETAIN_SELF = YES;
				CLANG_WARN_OBJC_LITERAL_CONVERSION = YES;
				CLANG_WARN_OBJC_ROOT_CLASS = YES_ERROR;
				CLANG_WARN_QUOTED_INCLUDE_IN_FRAMEWORK_HEADER = YES;
				CLANG_WARN_RANGE_LOOP_ANALYSIS = YES;
				CLANG_WARN_STRICT_PROTOTYPES = YES;
				CLANG_WARN_SUSPICIOUS_MOVE = YES;
				CLANG_WARN_UNGUARDED_AVAILABILITY = YES_AGGRESSIVE;
				CLANG_WARN_UNREACHABLE_CODE = YES;
				CLANG_WARN__DUPLICATE_METHOD_MATCH = YES;
				COPY_PHASE_STRIP = NO;
				DEBUG_INFORMATION_FORMAT = "dwarf-with-dsym";
				ENABLE_NS_ASSERTIONS = NO;
				ENABLE_STRICT_OBJC_MSGSEND = YES;
				ENABLE_USER_SCRIPT_SANDBOXING = YES;
				GCC_C_LANGUAGE_STANDARD = gnu17;
				GCC_NO_COMMON_BLOCKS = YES;
				GCC_WARN_64_TO_32_BIT_CONVERSION = YES;
				GCC_WARN_ABOUT_RETURN_TYPE = YES_ERROR;
				GCC_WARN_UNDECLARED_SELECTOR = YES;
				GCC_WARN_UNINITIALIZED_AUTOS = YES_AGGRESSIVE;
				GCC_WARN_UNUSED_FUNCTION = YES;
				GCC_WARN_UNUSED_VARIABLE = YES;
				IPHONEOS_DEPLOYMENT_TARGET = 18.0;
				LOCALIZATION_PREFERS_STRING_CATALOGS = YES;
				MTL_ENABLE_DEBUG_INFO = NO;
				MTL_FAST_MATH = YES;
				SDKROOT = iphoneos;
				SWIFT_COMPILATION_MODE = wholemodule;
				VALIDATE_PRODUCT = YES;
			};
			name = Release;
		};
		63EA40912E91DFB8004B3447 /* Debug */ = {
			isa = XCBuildConfiguration;
			buildSettings = {
				ASSETCATALOG_COMPILER_APPICON_NAME = AppIcon;
				ASSETCATALOG_COMPILER_GLOBAL_ACCENT_COLOR_NAME = AccentColor;
				CODE_SIGN_STYLE = Automatic;
				CURRENT_PROJECT_VERSION = 1;
				DEVELOPMENT_ASSET_PATHS = "\"strokedetectionapp/Preview Content\"";
				ENABLE_PREVIEWS = YES;
				GENERATE_INFOPLIST_FILE = YES;
				INFOPLIST_KEY_UIApplicationSceneManifest_Generation = YES;
				INFOPLIST_KEY_UIApplicationSupportsIndirectInputEvents = YES;
				INFOPLIST_KEY_UILaunchScreen_Generation = YES;
				INFOPLIST_KEY_UISupportedInterfaceOrientations_iPad = "UIInterfaceOrientationPortrait UIInterfaceOrientationPortraitUpsideDown UIInterfaceOrientationLandscapeLeft UIInterfaceOrientationLandscapeRight";
				INFOPLIST_KEY_UISupportedInterfaceOrientations_iPhone = "UIInterfaceOrientationPortrait UIInterfaceOrientationLandscapeLeft UIInterfaceOrientationLandscapeRight";
				LD_RUNPATH_SEARCH_PATHS = (
					"$(inherited)",
					"@executable_path/Frameworks",
				);
				MARKETING_VERSION = 1.0;
				PRODUCT_BUNDLE_IDENTIFIER = UCLA.strokedetectionapp;
				PRODUCT_NAME = "$(TARGET_NAME)";
				SWIFT_EMIT_LOC_STRINGS = YES;
				SWIFT_VERSION = 5.0;
				TARGETED_DEVICE_FAMILY = "1,2";
			};
			name = Debug;
		};
		63EA40922E91DFB8004B3447 /* Release */ = {
			isa = XCBuildConfiguration;
			buildSettings = {
				ASSETCATALOG_COMPILER_APPICON_NAME = AppIcon;
				ASSETCATALOG_COMPILER_GLOBAL_ACCENT_COLOR_NAME = AccentColor;
				CODE_SIGN_STYLE = Automatic;
				CURRENT_PROJECT_VERSION = 1;
				DEVELOPMENT_ASSET_PATHS = "\"strokedetectionapp/Preview Content\"";
				ENABLE_PREVIEWS = YES;
				GENERATE_INFOPLIST_FILE = YES;
				INFOPLIST_KEY_UIApplicationSceneManifest_Generation = YES;
				INFOPLIST_KEY_UIApplicationSupportsIndirectInputEvents = YES;
				INFOPLIST_KEY_UILaunchScreen_Generation = YES;
				INFOPLIST_KEY_UISupportedInterfaceOrientations_iPad = "UIInterfaceOrientationPortrait UIInterfaceOrientationPortraitUpsideDown UIInterfaceOrientationLandscapeLeft UIInterfaceOrientationLandscapeRight";
				INFOPLIST_KEY_UISupportedInterfaceOrientations_iPhone = "UIInterfaceOrientationPortrait UIInterfaceOrientationLandscapeLeft UIInterfaceOrientationLandscapeRight";
				LD_RUNPATH_SEARCH_PATHS = (
					"$(inherited)",
					"@executable_path/Frameworks",
				);
				MARKETING_VERSION = 1.0;
				PRODUCT_BUNDLE_IDENTIFIER = UCLA.strokedetectionapp;
				PRODUCT_NAME = "$(TARGET_NAME)";
				SWIFT_EMIT_LOC_STRINGS = YES;
				SWIFT_VERSION = 5.0;
				TARGETED_DEVICE_FAMILY = "1,2";
			};
			name = Release;
		};
		63EA40942E91DFB8004B3447 /* Debug */ = {
			isa = XCBuildConfiguration;
			buildSettings = {
				BUNDLE_LOADER = "$(TEST_HOST)";
				CODE_SIGN_STYLE = Automatic;
				CURRENT_PROJECT_VERSION = 1;
				GENERATE_INFOPLIST_FILE = YES;
				IPHONEOS_DEPLOYMENT_TARGET = 18.0;
				MARKETING_VERSION = 1.0;
				PRODUCT_BUNDLE_IDENTIFIER = UCLA.strokedetectionappTests;
				PRODUCT_NAME = "$(TARGET_NAME)";
				SWIFT_EMIT_LOC_STRINGS = NO;
				SWIFT_VERSION = 5.0;
				TARGETED_DEVICE_FAMILY = "1,2";
				TEST_HOST = "$(BUILT_PRODUCTS_DIR)/strokedetectionapp.app/$(BUNDLE_EXECUTABLE_FOLDER_PATH)/strokedetectionapp";
			};
			name = Debug;
		};
		63EA40952E91DFB8004B3447 /* Release */ = {
			isa = XCBuildConfiguration;
			buildSettings = {
				BUNDLE_LOADER = "$(TEST_HOST)";
				CODE_SIGN_STYLE = Automatic;
				CURRENT_PROJECT_VERSION = 1;
				GENERATE_INFOPLIST_FILE = YES;
				IPHONEOS_DEPLOYMENT_TARGET = 18.0;
				MARKETING_VERSION = 1.0;
				PRODUCT_BUNDLE_IDENTIFIER = UCLA.strokedetectionappTests;
				PRODUCT_NAME = "$(TARGET_NAME)";
				SWIFT_EMIT_LOC_STRINGS = NO;
				SWIFT_VERSION = 5.0;
				TARGETED_DEVICE_FAMILY = "1,2";
				TEST_HOST = "$(BUILT_PRODUCTS_DIR)/strokedetectionapp.app/$(BUNDLE_EXECUTABLE_FOLDER_PATH)/strokedetectionapp";
			};
			name = Release;
		};
		63EA40972E91DFB8004B3447 /* Debug */ = {
			isa = XCBuildConfiguration;
			buildSettings = {
				CODE_SIGN_STYLE = Automatic;
				CURRENT_PROJECT_VERSION = 1;
				GENERATE_INFOPLIST_FILE = YES;
				MARKETING_VERSION = 1.0;
				PRODUCT_BUNDLE_IDENTIFIER = UCLA.strokedetectionappUITests;
				PRODUCT_NAME = "$(TARGET_NAME)";
				SWIFT_EMIT_LOC_STRINGS = NO;
				SWIFT_VERSION = 5.0;
				TARGETED_DEVICE_FAMILY = "1,2";
				TEST_TARGET_NAME = strokedetectionapp;
			};
			name = Debug;
		};
		63EA40982E91DFB8004B3447 /* Release */ = {
			isa = XCBuildConfiguration;
			buildSettings = {
				CODE_SIGN_STYLE = Automatic;
				CURRENT_PROJECT_VERSION = 1;
				GENERATE_INFOPLIST_FILE = YES;
				MARKETING_VERSION = 1.0;
				PRODUCT_BUNDLE_IDENTIFIER = UCLA.strokedetectionappUITests;
				PRODUCT_NAME = "$(TARGET_NAME)";
				SWIFT_EMIT_LOC_STRINGS = NO;
				SWIFT_VERSION = 5.0;
				TARGETED_DEVICE_FAMILY = "1,2";
				TEST_TARGET_NAME = strokedetectionapp;
			};
			name = Release;
		};
/* End XCBuildConfiguration section */

/* Begin XCConfigurationList section */
		63EA40672E91DFB1004B3447 /* Build configuration list for PBXProject "strokedetectionapp" */ = {
			isa = XCConfigurationList;
			buildConfigurations = (
				63EA408E2E91DFB8004B3447 /* Debug */,
				63EA408F2E91DFB8004B3447 /* Release */,
			);
			defaultConfigurationIsVisible = 0;
			defaultConfigurationName = Release;
		};
		63EA40902E91DFB8004B3447 /* Build configuration list for PBXNativeTarget "strokedetectionapp" */ = {
			isa = XCConfigurationList;
			buildConfigurations = (
				63EA40912E91DFB8004B3447 /* Debug */,
				63EA40922E91DFB8004B3447 /* Release */,
			);
			defaultConfigurationIsVisible = 0;
			defaultConfigurationName = Release;
		};
		63EA40932E91DFB8004B3447 /* Build configuration list for PBXNativeTarget "strokedetectionappTests" */ = {
			isa = XCConfigurationList;
			buildConfigurations = (
				63EA40942E91DFB8004B3447 /* Debug */,
				63EA40952E91DFB8004B3447 /* Release */,
			);
			defaultConfigurationIsVisible = 0;
			defaultConfigurationName = Release;
		};
		63EA40962E91DFB8004B3447 /* Build configuration list for PBXNativeTarget "strokedetectionappUITests" */ = {
			isa = XCConfigurationList;
			buildConfigurations = (
				63EA40972E91DFB8004B3447 /* Debug */,
				63EA40982E91DFB8004B3447 /* Release */,
			);
			defaultConfigurationIsVisible = 0;
			defaultConfigurationName = Release;
		};
/* End XCConfigurationList section */
	};
	rootObject = 63EA40642E91DFB1004B3447 /* Project object */;
}
